
Microsoft Visual Studio Solution File, Format Version 12.00
# Visual Studio Version 17
VisualStudioVersion = 17.6.33801.468
MinimumVisualStudioVersion = 10.0.40219.1
Project("{FAE04EC0-301F-11D3-BF4B-00C04F79EFBC}") = "SchoolProject.Api", "SchoolProject.Api\SchoolProject.Api.csproj", "{2FA3B954-6BC6-4DBA-A94A-11283E2D8D95}"
EndProject
Project("{FAE04EC0-301F-11D3-BF4B-00C04F79EFBC}") = "SchoolProject.Data", "SchoolProject.Data\SchoolProject.Data.csproj", "{897777D7-DFA6-47AC-B595-B21D240D4404}"
EndProject
Project("{FAE04EC0-301F-11D3-BF4B-00C04F79EFBC}") = "SchoolProject.Infrastructure", "SchoolProject.Infrastructure\SchoolProject.Infrastructure.csproj", "{3B9A9FC6-B363-4AC1-AFFD-0D4D2D46A6F6}"
EndProject
Project("{FAE04EC0-301F-11D3-BF4B-00C04F79EFBC}") = "SchoolProject.Service", "SchoolProject.Service\SchoolProject.Service.csproj", "{F2AF8DD2-3562-48E4-880B-786F5A5186F8}"
EndProject
Project("{FAE04EC0-301F-11D3-BF4B-00C04F79EFBC}") = "SchoolProject.Core", "SchoolProject.Core\SchoolProject.Core.csproj", "{82498188-27EC-4F7E-8F10-66EE4159BD24}"
EndProject
Global
	GlobalSection(SolutionConfigurationPlatforms) = preSolution
		Debug|Any CPU = Debug|Any CPU
		Release|Any CPU = Release|Any CPU
	EndGlobalSection
	GlobalSection(ProjectConfigurationPlatforms) = postSolution
		{2FA3B954-6BC6-4DBA-A94A-11283E2D8D95}.Debug|Any CPU.ActiveCfg = Debug|Any CPU
		{2FA3B954-6BC6-4DBA-A94A-11283E2D8D95}.Debug|Any CPU.Build.0 = Debug|Any CPU
		{2FA3B954-6BC6-4DBA-A94A-11283E2D8D95}.Release|Any CPU.ActiveCfg = Release|Any CPU
		{2FA3B954-6BC6-4DBA-A94A-11283E2D8D95}.Release|Any CPU.Build.0 = Release|Any CPU
		{897777D7-DFA6-47AC-B595-B21D240D4404}.Debug|Any CPU.ActiveCfg = Debug|Any CPU
		{897777D7-DFA6-47AC-B595-B21D240D4404}.Debug|Any CPU.Build.0 = Debug|Any CPU
		{897777D7-DFA6-47AC-B595-B21D240D4404}.Release|Any CPU.ActiveCfg = Release|Any CPU
		{897777D7-DFA6-47AC-B595-B21D240D4404}.Release|Any CPU.Build.0 = Release|Any CPU
		{3B9A9FC6-B363-4AC1-AFFD-0D4D2D46A6F6}.Debug|Any CPU.ActiveCfg = Debug|Any CPU
		{3B9A9FC6-B363-4AC1-AFFD-0D4D2D46A6F6}.Debug|Any CPU.Build.0 = Debug|Any CPU
		{3B9A9FC6-B363-4AC1-AFFD-0D4D2D46A6F6}.Release|Any CPU.ActiveCfg = Release|Any CPU
		{3B9A9FC6-B363-4AC1-AFFD-0D4D2D46A6F6}.Release|Any CPU.Build.0 = Release|Any CPU
		{F2AF8DD2-3562-48E4-880B-786F5A5186F8}.Debug|Any CPU.ActiveCfg = Debug|Any CPU
		{F2AF8DD2-3562-48E4-880B-786F5A5186F8}.Debug|Any CPU.Build.0 = Debug|Any CPU
		{F2AF8DD2-3562-48E4-880B-786F5A5186F8}.Release|Any CPU.ActiveCfg = Release|Any CPU
		{F2AF8DD2-3562-48E4-880B-786F5A5186F8}.Release|Any CPU.Build.0 = Release|Any CPU
		{82498188-27EC-4F7E-8F10-66EE4159BD24}.Debug|Any CPU.ActiveCfg = Debug|Any CPU
		{82498188-27EC-4F7E-8F10-66EE4159BD24}.Debug|Any CPU.Build.0 = Debug|Any CPU
		{82498188-27EC-4F7E-8F10-66EE4159BD24}.Release|Any CPU.ActiveCfg = Release|Any CPU
		{82498188-27EC-4F7E-8F10-66EE4159BD24}.Release|Any CPU.Build.0 = Release|Any CPU
	EndGlobalSection
	GlobalSection(SolutionProperties) = preSolution
		HideSolutionNode = FALSE
	EndGlobalSection
	GlobalSection(ExtensibilityGlobals) = postSolution
		SolutionGuid = {58E67EE8-6032-4AF6-B75A-36F58DBC5993}
	EndGlobalSection
EndGlobal
